
Microsoft Visual Studio Solution File, Format Version 12.00
# Visual Studio 15
VisualStudioVersion = 15.0.27130.0
MinimumVisualStudioVersion = 10.0.40219.1
Project("{FAE04EC0-301F-11D3-BF4B-00C04F79EFBC}") = "NetworkPrac", "NetworkPrac\NetworkPrac.csproj", "{7496DE12-7A08-4830-914C-F3704C379977}"
EndProject
Global
	GlobalSection(SolutionConfigurationPlatforms) = preSolution
		Debug|Any CPU = Debug|Any CPU
		Release|Any CPU = Release|Any CPU
	EndGlobalSection
	GlobalSection(ProjectConfigurationPlatforms) = postSolution
		{7496DE12-7A08-4830-914C-F3704C379977}.Debug|Any CPU.ActiveCfg = Debug|Any CPU
		{7496DE12-7A08-4830-914C-F3704C379977}.Debug|Any CPU.Build.0 = Debug|Any CPU
		{7496DE12-7A08-4830-914C-F3704C379977}.Release|Any CPU.ActiveCfg = Release|Any CPU
		{7496DE12-7A08-4830-914C-F3704C379977}.Release|Any CPU.Build.0 = Release|Any CPU
	EndGlobalSection
	GlobalSection(SolutionProperties) = preSolution
		HideSolutionNode = FALSE
	EndGlobalSection
	GlobalSection(ExtensibilityGlobals) = postSolution
		SolutionGuid = {62E6DD28-F9F0-4EAC-BAFA-FEF73ADCB394}
	EndGlobalSection
EndGlobal
